
Microsoft Visual Studio Solution File, Format Version 12.00
# Visual Studio 15
VisualStudioVersion = 15.0.27428.2005
MinimumVisualStudioVersion = 10.0.40219.1
Project("{FAE04EC0-301F-11D3-BF4B-00C04F79EFBC}") = "WebApi", "WebApi\WebApi.csproj", "{CDA4AAF1-24A2-4F86-95EC-1DCF01837CC0}"
EndProject
Global
	GlobalSection(SolutionConfigurationPlatforms) = preSolution
		Debug|Any CPU = Debug|Any CPU
		Release|Any CPU = Release|Any CPU
	EndGlobalSection
	GlobalSection(ProjectConfigurationPlatforms) = postSolution
		{CDA4AAF1-24A2-4F86-95EC-1DCF01837CC0}.Debug|Any CPU.ActiveCfg = Debug|Any CPU
		{CDA4AAF1-24A2-4F86-95EC-1DCF01837CC0}.Debug|Any CPU.Build.0 = Debug|Any CPU
		{CDA4AAF1-24A2-4F86-95EC-1DCF01837CC0}.Release|Any CPU.ActiveCfg = Release|Any CPU
		{CDA4AAF1-24A2-4F86-95EC-1DCF01837CC0}.Release|Any CPU.Build.0 = Release|Any CPU
	EndGlobalSection
	GlobalSection(SolutionProperties) = preSolution
		HideSolutionNode = FALSE
	EndGlobalSection
	GlobalSection(ExtensibilityGlobals) = postSolution
		SolutionGuid = {3B907F8C-9AED-4EE8-9345-51F93218BAE1}
	EndGlobalSection
EndGlobal
